
Microsoft Visual Studio Solution File, Format Version 12.00
# Visual Studio Version 17
VisualStudioVersion = 17.5.33103.201
MinimumVisualStudioVersion = 10.0.40219.1
Project("{9A19103F-16F7-4668-BE54-9A1E7A4F7556}") = "BlazorSharedComponents.UI", "BlazorSharedComponents.UI\BlazorSharedComponents.UI.csproj", "{137719CF-F831-4E93-A0EB-53CF13B865E9}"
EndProject
Project("{9A19103F-16F7-4668-BE54-9A1E7A4F7556}") = "ComponentLibraryDemo", "ComponentLibraryDemo\ComponentLibraryDemo.csproj", "{A2DC8ACF-578D-4681-BB8C-3C1B855C50D7}"
EndProject
Global
	GlobalSection(SolutionConfigurationPlatforms) = preSolution
		Debug|Any CPU = Debug|Any CPU
		Release|Any CPU = Release|Any CPU
	EndGlobalSection
	GlobalSection(ProjectConfigurationPlatforms) = postSolution
		{137719CF-F831-4E93-A0EB-53CF13B865E9}.Debug|Any CPU.ActiveCfg = Debug|Any CPU
		{137719CF-F831-4E93-A0EB-53CF13B865E9}.Debug|Any CPU.Build.0 = Debug|Any CPU
		{137719CF-F831-4E93-A0EB-53CF13B865E9}.Release|Any CPU.ActiveCfg = Release|Any CPU
		{137719CF-F831-4E93-A0EB-53CF13B865E9}.Release|Any CPU.Build.0 = Release|Any CPU
		{A2DC8ACF-578D-4681-BB8C-3C1B855C50D7}.Debug|Any CPU.ActiveCfg = Debug|Any CPU
		{A2DC8ACF-578D-4681-BB8C-3C1B855C50D7}.Debug|Any CPU.Build.0 = Debug|Any CPU
		{A2DC8ACF-578D-4681-BB8C-3C1B855C50D7}.Release|Any CPU.ActiveCfg = Release|Any CPU
		{A2DC8ACF-578D-4681-BB8C-3C1B855C50D7}.Release|Any CPU.Build.0 = Release|Any CPU
	EndGlobalSection
	GlobalSection(SolutionProperties) = preSolution
		HideSolutionNode = FALSE
	EndGlobalSection
	GlobalSection(ExtensibilityGlobals) = postSolution
		SolutionGuid = {1C90110B-BD24-418C-9D4E-750C8933C988}
	EndGlobalSection
EndGlobal
